lockfileVersion: '9.0'

settings:
  autoInstallPeers: true
  excludeLinksFromLockfile: false

importers:

  .: {}

  npm/cli-linux-x64: {}

  npm/cli-win32-x64: {}

  npm/provanity:
    optionalDependencies:
      '@provanity/cli-linux-x64':
        specifier: 1.0.0
        version: link:../cli-linux-x64
      '@provanity/cli-win32-x64':
        specifier: 1.0.0
        version: link:../cli-win32-x64

  npm/worker-linux-x64: {}
